
Microsoft Visual Studio Solution File, Format Version 12.00
Project("{FAE04EC0-301F-11D3-BF4B-00C04F79EFBC}") = "JKENGINEPARTS.TICKETING", "JKENGINEPARTS.TICKETING\JKENGINEPARTS.TICKETING.csproj", "{D66C17C3-0A8E-4B27-B0A6-68263F6B657F}"
EndProject
Global
	GlobalSection(SolutionConfigurationPlatforms) = preSolution
		Debug|Any CPU = Debug|Any CPU
		Release|Any CPU = Release|Any CPU
	EndGlobalSection
	GlobalSection(ProjectConfigurationPlatforms) = postSolution
		{D66C17C3-0A8E-4B27-B0A6-68263F6B657F}.Debug|Any CPU.ActiveCfg = Debug|Any CPU
		{D66C17C3-0A8E-4B27-B0A6-68263F6B657F}.Debug|Any CPU.Build.0 = Debug|Any CPU
		{D66C17C3-0A8E-4B27-B0A6-68263F6B657F}.Release|Any CPU.ActiveCfg = Release|Any CPU
		{D66C17C3-0A8E-4B27-B0A6-68263F6B657F}.Release|Any CPU.Build.0 = Release|Any CPU
	EndGlobalSection
EndGlobal
